
Microsoft Visual Studio Solution File, Format Version 12.00
# Visual Studio 15
VisualStudioVersion = 15.0.28307.757
MinimumVisualStudioVersion = 10.0.40219.1
Project("{FAE04EC0-301F-11D3-BF4B-00C04F79EFBC}") = "Communication.RPC.Thrift", "Communication.RPC.Thrift\Communication.RPC.Thrift.csproj", "{9F6EEE51-5FD8-4FA2-86D6-33997679A907}"
EndProject
Project("{FAE04EC0-301F-11D3-BF4B-00C04F79EFBC}") = "TestRpcClient", "TestRpcClient\TestRpcClient.csproj", "{8D02F2BC-CEAA-4F2E-B4BB-82AF56B50DA1}"
EndProject
Project("{FAE04EC0-301F-11D3-BF4B-00C04F79EFBC}") = "TestRpcServer", "TestRpcServer\TestRpcServer.csproj", "{B95C5112-1FBC-45A4-9CE6-ADDA4A47AEA5}"
EndProject
Global
	GlobalSection(SolutionConfigurationPlatforms) = preSolution
		Debug|Any CPU = Debug|Any CPU
		Release|Any CPU = Release|Any CPU
	EndGlobalSection
	GlobalSection(ProjectConfigurationPlatforms) = postSolution
		{9F6EEE51-5FD8-4FA2-86D6-33997679A907}.Debug|Any CPU.ActiveCfg = Debug|Any CPU
		{9F6EEE51-5FD8-4FA2-86D6-33997679A907}.Debug|Any CPU.Build.0 = Debug|Any CPU
		{9F6EEE51-5FD8-4FA2-86D6-33997679A907}.Release|Any CPU.ActiveCfg = Release|Any CPU
		{9F6EEE51-5FD8-4FA2-86D6-33997679A907}.Release|Any CPU.Build.0 = Release|Any CPU
		{8D02F2BC-CEAA-4F2E-B4BB-82AF56B50DA1}.Debug|Any CPU.ActiveCfg = Debug|Any CPU
		{8D02F2BC-CEAA-4F2E-B4BB-82AF56B50DA1}.Debug|Any CPU.Build.0 = Debug|Any CPU
		{8D02F2BC-CEAA-4F2E-B4BB-82AF56B50DA1}.Release|Any CPU.ActiveCfg = Release|Any CPU
		{8D02F2BC-CEAA-4F2E-B4BB-82AF56B50DA1}.Release|Any CPU.Build.0 = Release|Any CPU
		{B95C5112-1FBC-45A4-9CE6-ADDA4A47AEA5}.Debug|Any CPU.ActiveCfg = Debug|Any CPU
		{B95C5112-1FBC-45A4-9CE6-ADDA4A47AEA5}.Debug|Any CPU.Build.0 = Debug|Any CPU
		{B95C5112-1FBC-45A4-9CE6-ADDA4A47AEA5}.Release|Any CPU.ActiveCfg = Release|Any CPU
		{B95C5112-1FBC-45A4-9CE6-ADDA4A47AEA5}.Release|Any CPU.Build.0 = Release|Any CPU
	EndGlobalSection
	GlobalSection(SolutionProperties) = preSolution
		HideSolutionNode = FALSE
	EndGlobalSection
	GlobalSection(ExtensibilityGlobals) = postSolution
		SolutionGuid = {6C4753F3-0918-43EE-86C6-DBACAD2759A2}
	EndGlobalSection
EndGlobal
